
Microsoft Visual Studio Solution File, Format Version 12.00
# Visual Studio Version 16
VisualStudioVersion = 16.0.30804.86
MinimumVisualStudioVersion = 10.0.40219.1
Project("{FAE04EC0-301F-11D3-BF4B-00C04F79EFBC}") = "PZU.CSharp.HelloWorld", "PZU.CSharp.HelloWorld\PZU.CSharp.HelloWorld.csproj", "{19694E42-F0A5-4D67-80B1-08AE4573D28F}"
EndProject
Global
	GlobalSection(SolutionConfigurationPlatforms) = preSolution
		Debug|Any CPU = Debug|Any CPU
		Release|Any CPU = Release|Any CPU
	EndGlobalSection
	GlobalSection(ProjectConfigurationPlatforms) = postSolution
		{19694E42-F0A5-4D67-80B1-08AE4573D28F}.Debug|Any CPU.ActiveCfg = Debug|Any CPU
		{19694E42-F0A5-4D67-80B1-08AE4573D28F}.Debug|Any CPU.Build.0 = Debug|Any CPU
		{19694E42-F0A5-4D67-80B1-08AE4573D28F}.Release|Any CPU.ActiveCfg = Release|Any CPU
		{19694E42-F0A5-4D67-80B1-08AE4573D28F}.Release|Any CPU.Build.0 = Release|Any CPU
	EndGlobalSection
	GlobalSection(SolutionProperties) = preSolution
		HideSolutionNode = FALSE
	EndGlobalSection
	GlobalSection(ExtensibilityGlobals) = postSolution
		SolutionGuid = {95F94F0C-8397-4041-ACC1-4C2BFE70EDEA}
	EndGlobalSection
EndGlobal
