
Microsoft Visual Studio Solution File, Format Version 12.00
# Visual Studio Version 16
VisualStudioVersion = 16.0.30804.86
MinimumVisualStudioVersion = 10.0.40219.1
Project("{FAE04EC0-301F-11D3-BF4B-00C04F79EFBC}") = "PZU.CSharp.HelloWorld", "PZU.CSharp.HelloWorld\PZU.CSharp.HelloWorld.csproj", "{19694E42-F0A5-4D67-80B1-08AE4573D28F}"
EndProject
Project("{FAE04EC0-301F-11D3-BF4B-00C04F79EFBC}") = "PZU.CSharp.Reports", "PZU.CSharp.Reports\PZU.CSharp.Reports.csproj", "{ADD0DAE9-B2E5-400A-BD3B-AE1FFC8D64EC}"
EndProject
Project("{FAE04EC0-301F-11D3-BF4B-00C04F79EFBC}") = "PZU.CrystalReports.ConsoleClient", "PZU.CrystalReports.ConsoleClient\PZU.CrystalReports.ConsoleClient.csproj", "{3383F717-C1A5-4E0D-A990-2457FDEF9301}"
EndProject
Global
	GlobalSection(SolutionConfigurationPlatforms) = preSolution
		Debug|Any CPU = Debug|Any CPU
		Release|Any CPU = Release|Any CPU
	EndGlobalSection
	GlobalSection(ProjectConfigurationPlatforms) = postSolution
		{19694E42-F0A5-4D67-80B1-08AE4573D28F}.Debug|Any CPU.ActiveCfg = Debug|Any CPU
		{19694E42-F0A5-4D67-80B1-08AE4573D28F}.Debug|Any CPU.Build.0 = Debug|Any CPU
		{19694E42-F0A5-4D67-80B1-08AE4573D28F}.Release|Any CPU.ActiveCfg = Release|Any CPU
		{19694E42-F0A5-4D67-80B1-08AE4573D28F}.Release|Any CPU.Build.0 = Release|Any CPU
		{ADD0DAE9-B2E5-400A-BD3B-AE1FFC8D64EC}.Debug|Any CPU.ActiveCfg = Debug|Any CPU
		{ADD0DAE9-B2E5-400A-BD3B-AE1FFC8D64EC}.Debug|Any CPU.Build.0 = Debug|Any CPU
		{ADD0DAE9-B2E5-400A-BD3B-AE1FFC8D64EC}.Release|Any CPU.ActiveCfg = Release|Any CPU
		{ADD0DAE9-B2E5-400A-BD3B-AE1FFC8D64EC}.Release|Any CPU.Build.0 = Release|Any CPU
		{3383F717-C1A5-4E0D-A990-2457FDEF9301}.Debug|Any CPU.ActiveCfg = Debug|Any CPU
		{3383F717-C1A5-4E0D-A990-2457FDEF9301}.Debug|Any CPU.Build.0 = Debug|Any CPU
		{3383F717-C1A5-4E0D-A990-2457FDEF9301}.Release|Any CPU.ActiveCfg = Release|Any CPU
		{3383F717-C1A5-4E0D-A990-2457FDEF9301}.Release|Any CPU.Build.0 = Release|Any CPU
	EndGlobalSection
	GlobalSection(SolutionProperties) = preSolution
		HideSolutionNode = FALSE
	EndGlobalSection
	GlobalSection(ExtensibilityGlobals) = postSolution
		SolutionGuid = {95F94F0C-8397-4041-ACC1-4C2BFE70EDEA}
	EndGlobalSection
EndGlobal
